
Microsoft Visual Studio Solution File, Format Version 12.00
# Visual Studio 15
VisualStudioVersion = 15.0.27130.2036
MinimumVisualStudioVersion = 10.0.40219.1
Project("{9A19103F-16F7-4668-BE54-9A1E7A4F7556}") = "DigiD.NETCore", "DigiD.NETCore\DigiD.NETCore.csproj", "{54A4ADB4-6BDD-4612-AB1B-07279C400EC9}"
EndProject
Project("{2150E333-8FDC-42A3-9474-1A3956D46DE8}") = "Solution Items", "Solution Items", "{65AE65CE-30EB-4C5B-B432-6F4566C9A10D}"
	ProjectSection(SolutionItems) = preProject
		.gitignore = .gitignore
	EndProjectSection
EndProject
Global
	GlobalSection(SolutionConfigurationPlatforms) = preSolution
		Debug|Any CPU = Debug|Any CPU
		Release|Any CPU = Release|Any CPU
	EndGlobalSection
	GlobalSection(ProjectConfigurationPlatforms) = postSolution
		{54A4ADB4-6BDD-4612-AB1B-07279C400EC9}.Debug|Any CPU.ActiveCfg = Debug|Any CPU
		{54A4ADB4-6BDD-4612-AB1B-07279C400EC9}.Debug|Any CPU.Build.0 = Debug|Any CPU
		{54A4ADB4-6BDD-4612-AB1B-07279C400EC9}.Release|Any CPU.ActiveCfg = Release|Any CPU
		{54A4ADB4-6BDD-4612-AB1B-07279C400EC9}.Release|Any CPU.Build.0 = Release|Any CPU
	EndGlobalSection
	GlobalSection(SolutionProperties) = preSolution
		HideSolutionNode = FALSE
	EndGlobalSection
	GlobalSection(ExtensibilityGlobals) = postSolution
		SolutionGuid = {BDB68F6F-0A85-4E56-97F5-3A16FC322489}
	EndGlobalSection
EndGlobal
